
Microsoft Visual Studio Solution File, Format Version 11.00
# Visual Studio 2010
Project("{8BC9CEB8-8B4A-11D0-8D11-00A0C91BC942}") = "one", "one.vcxproj", "{D462B6D3-7D0A-17F9-B732-8693ACFBC01E}"
EndProject
Global
	GlobalSection(SolutionConfigurationPlatforms) = preSolution
		Debug|Win32 = Debug|Win32
		Release|Win32 = Release|Win32
	EndGlobalSection
	GlobalSection(ProjectConfigurationPlatforms) = postSolution
		{D462B6D3-7D0A-17F9-B732-8693ACFBC01E}.Debug|Win32.ActiveCfg = Debug|Win32
		{D462B6D3-7D0A-17F9-B732-8693ACFBC01E}.Debug|Win32.Build.0 = Debug|Win32
		{D462B6D3-7D0A-17F9-B732-8693ACFBC01E}.Release|Win32.ActiveCfg = Release|Win32
		{D462B6D3-7D0A-17F9-B732-8693ACFBC01E}.Release|Win32.Build.0 = Release|Win32
	EndGlobalSection
	GlobalSection(SolutionProperties) = preSolution
		HideSolutionNode = FALSE
	EndGlobalSection
EndGlobal
